{
  "requires": true,
  "lockfileVersion": 1,
  "dependencies": {
    "angular-datatables": {
      "version": "6.0.0",
      "resolved": "https://registry.npmjs.org/angular-datatables/-/angular-datatables-6.0.0.tgz",
      "integrity": "sha512-0GSP4xdmLIv0smdycSCrgaSSxVWNJVKJSsCbt4aVEpujUwLM58MepUUiNEb4Q+AGsmSnOx9SRNlPxAvRIxOlSg=="
    }
  }
}
